{
  "name": "phase0-live-ports",
  "version": "0.0.1",
  "lockfileVersion": 3,
  "requires": true,
  "packages": {
    "": {
      "name": "phase0-live-ports",
      "version": "0.0.1",
      "dependencies": {
        "hyper-zepto": "^0.1.0"
      }
    },
    "node_modules/hyper-zepto": {
      "version": "0.1.0",
      "resolved": "https://registry.npmjs.org/hyper-zepto/-/hyper-zepto-0.1.0.tgz",
      "integrity": "sha512-HSFjUUH8zEWtdKHqdpIScNZzzJZ+Ex6eV3IERWFUyt5i4D4lbhxeFxuT04fdmj7xILKMiQeSIY0ad0+TXAuzhQ==",
      "license": "MIT",
      "engines": {
        "node": ">=18"
      }
    }
  }
}
